
Microsoft Visual Studio Solution File, Format Version 12.00
# Visual Studio Version 16
VisualStudioVersion = 16.0.29519.87
MinimumVisualStudioVersion = 10.0.40219.1
Project("{FAE04EC0-301F-11D3-BF4B-00C04F79EFBC}") = "attributeAndReflection", "attributeAndReflection\attributeAndReflection.csproj", "{50EADBDB-9180-4029-973A-DB92F176CF98}"
EndProject
Global
	GlobalSection(SolutionConfigurationPlatforms) = preSolution
		Debug|Any CPU = Debug|Any CPU
		Release|Any CPU = Release|Any CPU
	EndGlobalSection
	GlobalSection(ProjectConfigurationPlatforms) = postSolution
		{50EADBDB-9180-4029-973A-DB92F176CF98}.Debug|Any CPU.ActiveCfg = Debug|Any CPU
		{50EADBDB-9180-4029-973A-DB92F176CF98}.Debug|Any CPU.Build.0 = Debug|Any CPU
		{50EADBDB-9180-4029-973A-DB92F176CF98}.Release|Any CPU.ActiveCfg = Release|Any CPU
		{50EADBDB-9180-4029-973A-DB92F176CF98}.Release|Any CPU.Build.0 = Release|Any CPU
	EndGlobalSection
	GlobalSection(SolutionProperties) = preSolution
		HideSolutionNode = FALSE
	EndGlobalSection
	GlobalSection(ExtensibilityGlobals) = postSolution
		SolutionGuid = {D3D9722B-CCA0-4FC9-8A2B-5A653C0DDBA4}
	EndGlobalSection
EndGlobal
